
Microsoft Visual Studio Solution File, Format Version 12.00
# Visual Studio Version 17
VisualStudioVersion = 17.3.32929.385
MinimumVisualStudioVersion = 10.0.40219.1
Project("{9A19103F-16F7-4668-BE54-9A1E7A4F7556}") = "Day1", "Day1\Day1.csproj", "{DD5FC9DF-3935-4409-8C51-5AF1E2B6F1DF}"
EndProject
Project("{FAE04EC0-301F-11D3-BF4B-00C04F79EFBC}") = "Day2", "Day2\Day2.csproj", "{09AA3953-5809-49C7-9861-E0B4DDCE288C}"
EndProject
Project("{FAE04EC0-301F-11D3-BF4B-00C04F79EFBC}") = "Day3", "Day3\Day3.csproj", "{6773FFC4-DF54-458B-B6FF-1D5BC45C2A6A}"
EndProject
Project("{FAE04EC0-301F-11D3-BF4B-00C04F79EFBC}") = "Day4", "Day4\Day4.csproj", "{31889294-F803-4DE8-A589-3FE20163C132}"
EndProject
Project("{FAE04EC0-301F-11D3-BF4B-00C04F79EFBC}") = "Day5", "Day5\Day5.csproj", "{9DF04B42-471B-4F50-B959-58522BAB66AF}"
EndProject
Project("{FAE04EC0-301F-11D3-BF4B-00C04F79EFBC}") = "Day6", "Day6\Day6.csproj", "{CE0EF7A1-34A0-46FF-8808-EBCEA0E242ED}"
EndProject
Project("{FAE04EC0-301F-11D3-BF4B-00C04F79EFBC}") = "Day7", "Day7\Day7.csproj", "{84C3DA5E-7184-42EB-94E7-A1ED4C78A9D6}"
EndProject
Project("{FAE04EC0-301F-11D3-BF4B-00C04F79EFBC}") = "Day8", "Day8\Day8.csproj", "{A536A682-5BCC-4B08-993D-7F8256BF116C}"
EndProject
Project("{FAE04EC0-301F-11D3-BF4B-00C04F79EFBC}") = "Day9", "Day9\Day9.csproj", "{35437FDB-331D-4ECA-8E86-3A6006DDAA93}"
EndProject
Project("{FAE04EC0-301F-11D3-BF4B-00C04F79EFBC}") = "Day10", "Day10\Day10.csproj", "{3532EF85-8C54-4D66-9D48-285708956A83}"
EndProject
Project("{FAE04EC0-301F-11D3-BF4B-00C04F79EFBC}") = "Day11", "Day11\Day11.csproj", "{0375A0E9-9FC4-4B4C-A36E-6CED79B307DC}"
EndProject
Project("{FAE04EC0-301F-11D3-BF4B-00C04F79EFBC}") = "Day12", "Day12\Day12.csproj", "{6D022648-DBD7-40B5-B849-58C4AA60A5C1}"
EndProject
Project("{FAE04EC0-301F-11D3-BF4B-00C04F79EFBC}") = "Day13", "Day13\Day13.csproj", "{8C91FD0D-A1EA-405D-8DD2-3BEC19683B2C}"
EndProject
Project("{FAE04EC0-301F-11D3-BF4B-00C04F79EFBC}") = "Day14", "Day14\Day14.csproj", "{9A0AB629-BB0D-44A3-8A40-E4983EC3AB1A}"
EndProject
Project("{FAE04EC0-301F-11D3-BF4B-00C04F79EFBC}") = "Day15", "Day15\Day15.csproj", "{1A895601-D8AE-4595-9445-A18E34DF9209}"
EndProject
Project("{FAE04EC0-301F-11D3-BF4B-00C04F79EFBC}") = "Day16", "Day16\Day16.csproj", "{15875EAE-4E8C-41CC-9CD3-A7DBF89FE325}"
EndProject
Project("{FAE04EC0-301F-11D3-BF4B-00C04F79EFBC}") = "Day17", "Day17\Day17.csproj", "{FDA77915-C617-48B3-ABEE-4CE080293DEE}"
EndProject
Project("{FAE04EC0-301F-11D3-BF4B-00C04F79EFBC}") = "Day18", "Day18\Day18.csproj", "{FEAD55F0-3042-477C-B57A-D64285652487}"
EndProject
Project("{FAE04EC0-301F-11D3-BF4B-00C04F79EFBC}") = "Day19", "Day19\Day19.csproj", "{7EE87F36-9C33-4A94-8636-4BAA5DBD0D6E}"
EndProject
Project("{FAE04EC0-301F-11D3-BF4B-00C04F79EFBC}") = "Day20", "Day20\Day20.csproj", "{AC764D17-E4F5-4A02-849C-7300DE0AC8DF}"
EndProject
Project("{FAE04EC0-301F-11D3-BF4B-00C04F79EFBC}") = "Day21", "Day21\Day21.csproj", "{8B99619E-9A5B-41EA-805D-CA7F68A3DEBE}"
EndProject
Project("{FAE04EC0-301F-11D3-BF4B-00C04F79EFBC}") = "Day22", "Day22\Day22.csproj", "{797A152F-D8FC-4104-A833-D6AE666EEA90}"
EndProject
Project("{FAE04EC0-301F-11D3-BF4B-00C04F79EFBC}") = "Day23", "Day23\Day23.csproj", "{CB61D1D6-CB84-43C9-98DF-2E555DE8421A}"
EndProject
Project("{FAE04EC0-301F-11D3-BF4B-00C04F79EFBC}") = "Day24", "Day24\Day24.csproj", "{3A4D7E9C-46F0-4027-AB4D-829280E3F6AF}"
EndProject
Project("{FAE04EC0-301F-11D3-BF4B-00C04F79EFBC}") = "Day25", "Day25\Day25.csproj", "{0B658838-76AB-45B1-9B48-C2FAC6E8DDAF}"
EndProject
Global
	GlobalSection(SolutionConfigurationPlatforms) = preSolution
		Debug|Any CPU = Debug|Any CPU
		Debug|x64 = Debug|x64
		Debug|x86 = Debug|x86
		Release|Any CPU = Release|Any CPU
		Release|x64 = Release|x64
		Release|x86 = Release|x86
	EndGlobalSection
	GlobalSection(ProjectConfigurationPlatforms) = postSolution
		{DD5FC9DF-3935-4409-8C51-5AF1E2B6F1DF}.Debug|Any CPU.ActiveCfg = Debug|Any CPU
		{DD5FC9DF-3935-4409-8C51-5AF1E2B6F1DF}.Debug|Any CPU.Build.0 = Debug|Any CPU
		{DD5FC9DF-3935-4409-8C51-5AF1E2B6F1DF}.Debug|x64.ActiveCfg = Debug|Any CPU
		{DD5FC9DF-3935-4409-8C51-5AF1E2B6F1DF}.Debug|x64.Build.0 = Debug|Any CPU
		{DD5FC9DF-3935-4409-8C51-5AF1E2B6F1DF}.Debug|x86.ActiveCfg = Debug|Any CPU
		{DD5FC9DF-3935-4409-8C51-5AF1E2B6F1DF}.Debug|x86.Build.0 = Debug|Any CPU
		{DD5FC9DF-3935-4409-8C51-5AF1E2B6F1DF}.Release|Any CPU.ActiveCfg = Release|Any CPU
		{DD5FC9DF-3935-4409-8C51-5AF1E2B6F1DF}.Release|Any CPU.Build.0 = Release|Any CPU
		{DD5FC9DF-3935-4409-8C51-5AF1E2B6F1DF}.Release|x64.ActiveCfg = Release|Any CPU
		{DD5FC9DF-3935-4409-8C51-5AF1E2B6F1DF}.Release|x64.Build.0 = Release|Any CPU
		{DD5FC9DF-3935-4409-8C51-5AF1E2B6F1DF}.Release|x86.ActiveCfg = Release|Any CPU
		{DD5FC9DF-3935-4409-8C51-5AF1E2B6F1DF}.Release|x86.Build.0 = Release|Any CPU
		{09AA3953-5809-49C7-9861-E0B4DDCE288C}.Debug|Any CPU.ActiveCfg = Debug|Any CPU
		{09AA3953-5809-49C7-9861-E0B4DDCE288C}.Debug|Any CPU.Build.0 = Debug|Any CPU
		{09AA3953-5809-49C7-9861-E0B4DDCE288C}.Debug|x64.ActiveCfg = Debug|Any CPU
		{09AA3953-5809-49C7-9861-E0B4DDCE288C}.Debug|x64.Build.0 = Debug|Any CPU
		{09AA3953-5809-49C7-9861-E0B4DDCE288C}.Debug|x86.ActiveCfg = Debug|Any CPU
		{09AA3953-5809-49C7-9861-E0B4DDCE288C}.Debug|x86.Build.0 = Debug|Any CPU
		{09AA3953-5809-49C7-9861-E0B4DDCE288C}.Release|Any CPU.ActiveCfg = Release|Any CPU
		{09AA3953-5809-49C7-9861-E0B4DDCE288C}.Release|Any CPU.Build.0 = Release|Any CPU
		{09AA3953-5809-49C7-9861-E0B4DDCE288C}.Release|x64.ActiveCfg = Release|Any CPU
		{09AA3953-5809-49C7-9861-E0B4DDCE288C}.Release|x64.Build.0 = Release|Any CPU
		{09AA3953-5809-49C7-9861-E0B4DDCE288C}.Release|x86.ActiveCfg = Release|Any CPU
		{09AA3953-5809-49C7-9861-E0B4DDCE288C}.Release|x86.Build.0 = Release|Any CPU
		{6773FFC4-DF54-458B-B6FF-1D5BC45C2A6A}.Debug|Any CPU.ActiveCfg = Debug|Any CPU
		{6773FFC4-DF54-458B-B6FF-1D5BC45C2A6A}.Debug|Any CPU.Build.0 = Debug|Any CPU
		{6773FFC4-DF54-458B-B6FF-1D5BC45C2A6A}.Debug|x64.ActiveCfg = Debug|Any CPU
		{6773FFC4-DF54-458B-B6FF-1D5BC45C2A6A}.Debug|x64.Build.0 = Debug|Any CPU
		{6773FFC4-DF54-458B-B6FF-1D5BC45C2A6A}.Debug|x86.ActiveCfg = Debug|Any CPU
		{6773FFC4-DF54-458B-B6FF-1D5BC45C2A6A}.Debug|x86.Build.0 = Debug|Any CPU
		{6773FFC4-DF54-458B-B6FF-1D5BC45C2A6A}.Release|Any CPU.ActiveCfg = Release|Any CPU
		{6773FFC4-DF54-458B-B6FF-1D5BC45C2A6A}.Release|Any CPU.Build.0 = Release|Any CPU
		{6773FFC4-DF54-458B-B6FF-1D5BC45C2A6A}.Release|x64.ActiveCfg = Release|Any CPU
		{6773FFC4-DF54-458B-B6FF-1D5BC45C2A6A}.Release|x64.Build.0 = Release|Any CPU
		{6773FFC4-DF54-458B-B6FF-1D5BC45C2A6A}.Release|x86.ActiveCfg = Release|Any CPU
		{6773FFC4-DF54-458B-B6FF-1D5BC45C2A6A}.Release|x86.Build.0 = Release|Any CPU
		{31889294-F803-4DE8-A589-3FE20163C132}.Debug|Any CPU.ActiveCfg = Debug|Any CPU
		{31889294-F803-4DE8-A589-3FE20163C132}.Debug|Any CPU.Build.0 = Debug|Any CPU
		{31889294-F803-4DE8-A589-3FE20163C132}.Debug|x64.ActiveCfg = Debug|Any CPU
		{31889294-F803-4DE8-A589-3FE20163C132}.Debug|x64.Build.0 = Debug|Any CPU
		{31889294-F803-4DE8-A589-3FE20163C132}.Debug|x86.ActiveCfg = Debug|Any CPU
		{31889294-F803-4DE8-A589-3FE20163C132}.Debug|x86.Build.0 = Debug|Any CPU
		{31889294-F803-4DE8-A589-3FE20163C132}.Release|Any CPU.ActiveCfg = Release|Any CPU
		{31889294-F803-4DE8-A589-3FE20163C132}.Release|Any CPU.Build.0 = Release|Any CPU
		{31889294-F803-4DE8-A589-3FE20163C132}.Release|x64.ActiveCfg = Release|Any CPU
		{31889294-F803-4DE8-A589-3FE20163C132}.Release|x64.Build.0 = Release|Any CPU
		{31889294-F803-4DE8-A589-3FE20163C132}.Release|x86.ActiveCfg = Release|Any CPU
		{31889294-F803-4DE8-A589-3FE20163C132}.Release|x86.Build.0 = Release|Any CPU
		{9DF04B42-471B-4F50-B959-58522BAB66AF}.Debug|Any CPU.ActiveCfg = Debug|Any CPU
		{9DF04B42-471B-4F50-B959-58522BAB66AF}.Debug|Any CPU.Build.0 = Debug|Any CPU
		{9DF04B42-471B-4F50-B959-58522BAB66AF}.Debug|x64.ActiveCfg = Debug|Any CPU
		{9DF04B42-471B-4F50-B959-58522BAB66AF}.Debug|x64.Build.0 = Debug|Any CPU
		{9DF04B42-471B-4F50-B959-58522BAB66AF}.Debug|x86.ActiveCfg = Debug|Any CPU
		{9DF04B42-471B-4F50-B959-58522BAB66AF}.Debug|x86.Build.0 = Debug|Any CPU
		{9DF04B42-471B-4F50-B959-58522BAB66AF}.Release|Any CPU.ActiveCfg = Release|Any CPU
		{9DF04B42-471B-4F50-B959-58522BAB66AF}.Release|Any CPU.Build.0 = Release|Any CPU
		{9DF04B42-471B-4F50-B959-58522BAB66AF}.Release|x64.ActiveCfg = Release|Any CPU
		{9DF04B42-471B-4F50-B959-58522BAB66AF}.Release|x64.Build.0 = Release|Any CPU
		{9DF04B42-471B-4F50-B959-58522BAB66AF}.Release|x86.ActiveCfg = Release|Any CPU
		{9DF04B42-471B-4F50-B959-58522BAB66AF}.Release|x86.Build.0 = Release|Any CPU
		{CE0EF7A1-34A0-46FF-8808-EBCEA0E242ED}.Debug|Any CPU.ActiveCfg = Debug|Any CPU
		{CE0EF7A1-34A0-46FF-8808-EBCEA0E242ED}.Debug|Any CPU.Build.0 = Debug|Any CPU
		{CE0EF7A1-34A0-46FF-8808-EBCEA0E242ED}.Debug|x64.ActiveCfg = Debug|Any CPU
		{CE0EF7A1-34A0-46FF-8808-EBCEA0E242ED}.Debug|x64.Build.0 = Debug|Any CPU
		{CE0EF7A1-34A0-46FF-8808-EBCEA0E242ED}.Debug|x86.ActiveCfg = Debug|Any CPU
		{CE0EF7A1-34A0-46FF-8808-EBCEA0E242ED}.Debug|x86.Build.0 = Debug|Any CPU
		{CE0EF7A1-34A0-46FF-8808-EBCEA0E242ED}.Release|Any CPU.ActiveCfg = Release|Any CPU
		{CE0EF7A1-34A0-46FF-8808-EBCEA0E242ED}.Release|Any CPU.Build.0 = Release|Any CPU
		{CE0EF7A1-34A0-46FF-8808-EBCEA0E242ED}.Release|x64.ActiveCfg = Release|Any CPU
		{CE0EF7A1-34A0-46FF-8808-EBCEA0E242ED}.Release|x64.Build.0 = Release|Any CPU
		{CE0EF7A1-34A0-46FF-8808-EBCEA0E242ED}.Release|x86.ActiveCfg = Release|Any CPU
		{CE0EF7A1-34A0-46FF-8808-EBCEA0E242ED}.Release|x86.Build.0 = Release|Any CPU
		{84C3DA5E-7184-42EB-94E7-A1ED4C78A9D6}.Debug|Any CPU.ActiveCfg = Debug|Any CPU
		{84C3DA5E-7184-42EB-94E7-A1ED4C78A9D6}.Debug|Any CPU.Build.0 = Debug|Any CPU
		{84C3DA5E-7184-42EB-94E7-A1ED4C78A9D6}.Debug|x64.ActiveCfg = Debug|Any CPU
		{84C3DA5E-7184-42EB-94E7-A1ED4C78A9D6}.Debug|x64.Build.0 = Debug|Any CPU
		{84C3DA5E-7184-42EB-94E7-A1ED4C78A9D6}.Debug|x86.ActiveCfg = Debug|Any CPU
		{84C3DA5E-7184-42EB-94E7-A1ED4C78A9D6}.Debug|x86.Build.0 = Debug|Any CPU
		{84C3DA5E-7184-42EB-94E7-A1ED4C78A9D6}.Release|Any CPU.ActiveCfg = Release|Any CPU
		{84C3DA5E-7184-42EB-94E7-A1ED4C78A9D6}.Release|Any CPU.Build.0 = Release|Any CPU
		{84C3DA5E-7184-42EB-94E7-A1ED4C78A9D6}.Release|x64.ActiveCfg = Release|Any CPU
		{84C3DA5E-7184-42EB-94E7-A1ED4C78A9D6}.Release|x64.Build.0 = Release|Any CPU
		{84C3DA5E-7184-42EB-94E7-A1ED4C78A9D6}.Release|x86.ActiveCfg = Release|Any CPU
		{84C3DA5E-7184-42EB-94E7-A1ED4C78A9D6}.Release|x86.Build.0 = Release|Any CPU
		{A536A682-5BCC-4B08-993D-7F8256BF116C}.Debug|Any CPU.ActiveCfg = Debug|Any CPU
		{A536A682-5BCC-4B08-993D-7F8256BF116C}.Debug|Any CPU.Build.0 = Debug|Any CPU
		{A536A682-5BCC-4B08-993D-7F8256BF116C}.Debug|x64.ActiveCfg = Debug|Any CPU
		{A536A682-5BCC-4B08-993D-7F8256BF116C}.Debug|x64.Build.0 = Debug|Any CPU
		{A536A682-5BCC-4B08-993D-7F8256BF116C}.Debug|x86.ActiveCfg = Debug|Any CPU
		{A536A682-5BCC-4B08-993D-7F8256BF116C}.Debug|x86.Build.0 = Debug|Any CPU
		{A536A682-5BCC-4B08-993D-7F8256BF116C}.Release|Any CPU.ActiveCfg = Release|Any CPU
		{A536A682-5BCC-4B08-993D-7F8256BF116C}.Release|Any CPU.Build.0 = Release|Any CPU
		{A536A682-5BCC-4B08-993D-7F8256BF116C}.Release|x64.ActiveCfg = Release|Any CPU
		{A536A682-5BCC-4B08-993D-7F8256BF116C}.Release|x64.Build.0 = Release|Any CPU
		{A536A682-5BCC-4B08-993D-7F8256BF116C}.Release|x86.ActiveCfg = Release|Any CPU
		{A536A682-5BCC-4B08-993D-7F8256BF116C}.Release|x86.Build.0 = Release|Any CPU
		{35437FDB-331D-4ECA-8E86-3A6006DDAA93}.Debug|Any CPU.ActiveCfg = Debug|Any CPU
		{35437FDB-331D-4ECA-8E86-3A6006DDAA93}.Debug|Any CPU.Build.0 = Debug|Any CPU
		{35437FDB-331D-4ECA-8E86-3A6006DDAA93}.Debug|x64.ActiveCfg = Debug|Any CPU
		{35437FDB-331D-4ECA-8E86-3A6006DDAA93}.Debug|x64.Build.0 = Debug|Any CPU
		{35437FDB-331D-4ECA-8E86-3A6006DDAA93}.Debug|x86.ActiveCfg = Debug|Any CPU
		{35437FDB-331D-4ECA-8E86-3A6006DDAA93}.Debug|x86.Build.0 = Debug|Any CPU
		{35437FDB-331D-4ECA-8E86-3A6006DDAA93}.Release|Any CPU.ActiveCfg = Release|Any CPU
		{35437FDB-331D-4ECA-8E86-3A6006DDAA93}.Release|Any CPU.Build.0 = Release|Any CPU
		{35437FDB-331D-4ECA-8E86-3A6006DDAA93}.Release|x64.ActiveCfg = Release|Any CPU
		{35437FDB-331D-4ECA-8E86-3A6006DDAA93}.Release|x64.Build.0 = Release|Any CPU
		{35437FDB-331D-4ECA-8E86-3A6006DDAA93}.Release|x86.ActiveCfg = Release|Any CPU
		{35437FDB-331D-4ECA-8E86-3A6006DDAA93}.Release|x86.Build.0 = Release|Any CPU
		{3532EF85-8C54-4D66-9D48-285708956A83}.Debug|Any CPU.ActiveCfg = Debug|Any CPU
		{3532EF85-8C54-4D66-9D48-285708956A83}.Debug|Any CPU.Build.0 = Debug|Any CPU
		{3532EF85-8C54-4D66-9D48-285708956A83}.Debug|x64.ActiveCfg = Debug|Any CPU
		{3532EF85-8C54-4D66-9D48-285708956A83}.Debug|x64.Build.0 = Debug|Any CPU
		{3532EF85-8C54-4D66-9D48-285708956A83}.Debug|x86.ActiveCfg = Debug|Any CPU
		{3532EF85-8C54-4D66-9D48-285708956A83}.Debug|x86.Build.0 = Debug|Any CPU
		{3532EF85-8C54-4D66-9D48-285708956A83}.Release|Any CPU.ActiveCfg = Release|Any CPU
		{3532EF85-8C54-4D66-9D48-285708956A83}.Release|Any CPU.Build.0 = Release|Any CPU
		{3532EF85-8C54-4D66-9D48-285708956A83}.Release|x64.ActiveCfg = Release|Any CPU
		{3532EF85-8C54-4D66-9D48-285708956A83}.Release|x64.Build.0 = Release|Any CPU
		{3532EF85-8C54-4D66-9D48-285708956A83}.Release|x86.ActiveCfg = Release|Any CPU
		{3532EF85-8C54-4D66-9D48-285708956A83}.Release|x86.Build.0 = Release|Any CPU
		{0375A0E9-9FC4-4B4C-A36E-6CED79B307DC}.Debug|Any CPU.ActiveCfg = Debug|Any CPU
		{0375A0E9-9FC4-4B4C-A36E-6CED79B307DC}.Debug|Any CPU.Build.0 = Debug|Any CPU
		{0375A0E9-9FC4-4B4C-A36E-6CED79B307DC}.Debug|x64.ActiveCfg = Debug|Any CPU
		{0375A0E9-9FC4-4B4C-A36E-6CED79B307DC}.Debug|x64.Build.0 = Debug|Any CPU
		{0375A0E9-9FC4-4B4C-A36E-6CED79B307DC}.Debug|x86.ActiveCfg = Debug|Any CPU
		{0375A0E9-9FC4-4B4C-A36E-6CED79B307DC}.Debug|x86.Build.0 = Debug|Any CPU
		{0375A0E9-9FC4-4B4C-A36E-6CED79B307DC}.Release|Any CPU.ActiveCfg = Release|Any CPU
		{0375A0E9-9FC4-4B4C-A36E-6CED79B307DC}.Release|Any CPU.Build.0 = Release|Any CPU
		{0375A0E9-9FC4-4B4C-A36E-6CED79B307DC}.Release|x64.ActiveCfg = Release|Any CPU
		{0375A0E9-9FC4-4B4C-A36E-6CED79B307DC}.Release|x64.Build.0 = Release|Any CPU
		{0375A0E9-9FC4-4B4C-A36E-6CED79B307DC}.Release|x86.ActiveCfg = Release|Any CPU
		{0375A0E9-9FC4-4B4C-A36E-6CED79B307DC}.Release|x86.Build.0 = Release|Any CPU
		{6D022648-DBD7-40B5-B849-58C4AA60A5C1}.Debug|Any CPU.ActiveCfg = Debug|Any CPU
		{6D022648-DBD7-40B5-B849-58C4AA60A5C1}.Debug|Any CPU.Build.0 = Debug|Any CPU
		{6D022648-DBD7-40B5-B849-58C4AA60A5C1}.Debug|x64.ActiveCfg = Debug|Any CPU
		{6D022648-DBD7-40B5-B849-58C4AA60A5C1}.Debug|x64.Build.0 = Debug|Any CPU
		{6D022648-DBD7-40B5-B849-58C4AA60A5C1}.Debug|x86.ActiveCfg = Debug|Any CPU
		{6D022648-DBD7-40B5-B849-58C4AA60A5C1}.Debug|x86.Build.0 = Debug|Any CPU
		{6D022648-DBD7-40B5-B849-58C4AA60A5C1}.Release|Any CPU.ActiveCfg = Release|Any CPU
		{6D022648-DBD7-40B5-B849-58C4AA60A5C1}.Release|Any CPU.Build.0 = Release|Any CPU
		{6D022648-DBD7-40B5-B849-58C4AA60A5C1}.Release|x64.ActiveCfg = Release|Any CPU
		{6D022648-DBD7-40B5-B849-58C4AA60A5C1}.Release|x64.Build.0 = Release|Any CPU
		{6D022648-DBD7-40B5-B849-58C4AA60A5C1}.Release|x86.ActiveCfg = Release|Any CPU
		{6D022648-DBD7-40B5-B849-58C4AA60A5C1}.Release|x86.Build.0 = Release|Any CPU
		{8C91FD0D-A1EA-405D-8DD2-3BEC19683B2C}.Debug|Any CPU.ActiveCfg = Debug|Any CPU
		{8C91FD0D-A1EA-405D-8DD2-3BEC19683B2C}.Debug|Any CPU.Build.0 = Debug|Any CPU
		{8C91FD0D-A1EA-405D-8DD2-3BEC19683B2C}.Debug|x64.ActiveCfg = Debug|Any CPU
		{8C91FD0D-A1EA-405D-8DD2-3BEC19683B2C}.Debug|x64.Build.0 = Debug|Any CPU
		{8C91FD0D-A1EA-405D-8DD2-3BEC19683B2C}.Debug|x86.ActiveCfg = Debug|Any CPU
		{8C91FD0D-A1EA-405D-8DD2-3BEC19683B2C}.Debug|x86.Build.0 = Debug|Any CPU
		{8C91FD0D-A1EA-405D-8DD2-3BEC19683B2C}.Release|Any CPU.ActiveCfg = Release|Any CPU
		{8C91FD0D-A1EA-405D-8DD2-3BEC19683B2C}.Release|Any CPU.Build.0 = Release|Any CPU
		{8C91FD0D-A1EA-405D-8DD2-3BEC19683B2C}.Release|x64.ActiveCfg = Release|Any CPU
		{8C91FD0D-A1EA-405D-8DD2-3BEC19683B2C}.Release|x64.Build.0 = Release|Any CPU
		{8C91FD0D-A1EA-405D-8DD2-3BEC19683B2C}.Release|x86.ActiveCfg = Release|Any CPU
		{8C91FD0D-A1EA-405D-8DD2-3BEC19683B2C}.Release|x86.Build.0 = Release|Any CPU
		{9A0AB629-BB0D-44A3-8A40-E4983EC3AB1A}.Debug|Any CPU.ActiveCfg = Debug|Any CPU
		{9A0AB629-BB0D-44A3-8A40-E4983EC3AB1A}.Debug|Any CPU.Build.0 = Debug|Any CPU
		{9A0AB629-BB0D-44A3-8A40-E4983EC3AB1A}.Debug|x64.ActiveCfg = Debug|Any CPU
		{9A0AB629-BB0D-44A3-8A40-E4983EC3AB1A}.Debug|x64.Build.0 = Debug|Any CPU
		{9A0AB629-BB0D-44A3-8A40-E4983EC3AB1A}.Debug|x86.ActiveCfg = Debug|Any CPU
		{9A0AB629-BB0D-44A3-8A40-E4983EC3AB1A}.Debug|x86.Build.0 = Debug|Any CPU
		{9A0AB629-BB0D-44A3-8A40-E4983EC3AB1A}.Release|Any CPU.ActiveCfg = Release|Any CPU
		{9A0AB629-BB0D-44A3-8A40-E4983EC3AB1A}.Release|Any CPU.Build.0 = Release|Any CPU
		{9A0AB629-BB0D-44A3-8A40-E4983EC3AB1A}.Release|x64.ActiveCfg = Release|Any CPU
		{9A0AB629-BB0D-44A3-8A40-E4983EC3AB1A}.Release|x64.Build.0 = Release|Any CPU
		{9A0AB629-BB0D-44A3-8A40-E4983EC3AB1A}.Release|x86.ActiveCfg = Release|Any CPU
		{9A0AB629-BB0D-44A3-8A40-E4983EC3AB1A}.Release|x86.Build.0 = Release|Any CPU
		{1A895601-D8AE-4595-9445-A18E34DF9209}.Debug|Any CPU.ActiveCfg = Debug|Any CPU
		{1A895601-D8AE-4595-9445-A18E34DF9209}.Debug|Any CPU.Build.0 = Debug|Any CPU
		{1A895601-D8AE-4595-9445-A18E34DF9209}.Debug|x64.ActiveCfg = Debug|Any CPU
		{1A895601-D8AE-4595-9445-A18E34DF9209}.Debug|x64.Build.0 = Debug|Any CPU
		{1A895601-D8AE-4595-9445-A18E34DF9209}.Debug|x86.ActiveCfg = Debug|Any CPU
		{1A895601-D8AE-4595-9445-A18E34DF9209}.Debug|x86.Build.0 = Debug|Any CPU
		{1A895601-D8AE-4595-9445-A18E34DF9209}.Release|Any CPU.ActiveCfg = Release|Any CPU
		{1A895601-D8AE-4595-9445-A18E34DF9209}.Release|Any CPU.Build.0 = Release|Any CPU
		{1A895601-D8AE-4595-9445-A18E34DF9209}.Release|x64.ActiveCfg = Release|Any CPU
		{1A895601-D8AE-4595-9445-A18E34DF9209}.Release|x64.Build.0 = Release|Any CPU
		{1A895601-D8AE-4595-9445-A18E34DF9209}.Release|x86.ActiveCfg = Release|Any CPU
		{1A895601-D8AE-4595-9445-A18E34DF9209}.Release|x86.Build.0 = Release|Any CPU
		{15875EAE-4E8C-41CC-9CD3-A7DBF89FE325}.Debug|Any CPU.ActiveCfg = Debug|Any CPU
		{15875EAE-4E8C-41CC-9CD3-A7DBF89FE325}.Debug|Any CPU.Build.0 = Debug|Any CPU
		{15875EAE-4E8C-41CC-9CD3-A7DBF89FE325}.Debug|x64.ActiveCfg = Debug|Any CPU
		{15875EAE-4E8C-41CC-9CD3-A7DBF89FE325}.Debug|x64.Build.0 = Debug|Any CPU
		{15875EAE-4E8C-41CC-9CD3-A7DBF89FE325}.Debug|x86.ActiveCfg = Debug|Any CPU
		{15875EAE-4E8C-41CC-9CD3-A7DBF89FE325}.Debug|x86.Build.0 = Debug|Any CPU
		{15875EAE-4E8C-41CC-9CD3-A7DBF89FE325}.Release|Any CPU.ActiveCfg = Release|Any CPU
		{15875EAE-4E8C-41CC-9CD3-A7DBF89FE325}.Release|Any CPU.Build.0 = Release|Any CPU
		{15875EAE-4E8C-41CC-9CD3-A7DBF89FE325}.Release|x64.ActiveCfg = Release|Any CPU
		{15875EAE-4E8C-41CC-9CD3-A7DBF89FE325}.Release|x64.Build.0 = Release|Any CPU
		{15875EAE-4E8C-41CC-9CD3-A7DBF89FE325}.Release|x86.ActiveCfg = Release|Any CPU
		{15875EAE-4E8C-41CC-9CD3-A7DBF89FE325}.Release|x86.Build.0 = Release|Any CPU
		{FDA77915-C617-48B3-ABEE-4CE080293DEE}.Debug|Any CPU.ActiveCfg = Debug|Any CPU
		{FDA77915-C617-48B3-ABEE-4CE080293DEE}.Debug|Any CPU.Build.0 = Debug|Any CPU
		{FDA77915-C617-48B3-ABEE-4CE080293DEE}.Debug|x64.ActiveCfg = Debug|Any CPU
		{FDA77915-C617-48B3-ABEE-4CE080293DEE}.Debug|x64.Build.0 = Debug|Any CPU
		{FDA77915-C617-48B3-ABEE-4CE080293DEE}.Debug|x86.ActiveCfg = Debug|Any CPU
		{FDA77915-C617-48B3-ABEE-4CE080293DEE}.Debug|x86.Build.0 = Debug|Any CPU
		{FDA77915-C617-48B3-ABEE-4CE080293DEE}.Release|Any CPU.ActiveCfg = Release|Any CPU
		{FDA77915-C617-48B3-ABEE-4CE080293DEE}.Release|Any CPU.Build.0 = Release|Any CPU
		{FDA77915-C617-48B3-ABEE-4CE080293DEE}.Release|x64.ActiveCfg = Release|Any CPU
		{FDA77915-C617-48B3-ABEE-4CE080293DEE}.Release|x64.Build.0 = Release|Any CPU
		{FDA77915-C617-48B3-ABEE-4CE080293DEE}.Release|x86.ActiveCfg = Release|Any CPU
		{FDA77915-C617-48B3-ABEE-4CE080293DEE}.Release|x86.Build.0 = Release|Any CPU
		{FEAD55F0-3042-477C-B57A-D64285652487}.Debug|Any CPU.ActiveCfg = Debug|Any CPU
		{FEAD55F0-3042-477C-B57A-D64285652487}.Debug|Any CPU.Build.0 = Debug|Any CPU
		{FEAD55F0-3042-477C-B57A-D64285652487}.Debug|x64.ActiveCfg = Debug|Any CPU
		{FEAD55F0-3042-477C-B57A-D64285652487}.Debug|x64.Build.0 = Debug|Any CPU
		{FEAD55F0-3042-477C-B57A-D64285652487}.Debug|x86.ActiveCfg = Debug|Any CPU
		{FEAD55F0-3042-477C-B57A-D64285652487}.Debug|x86.Build.0 = Debug|Any CPU
		{FEAD55F0-3042-477C-B57A-D64285652487}.Release|Any CPU.ActiveCfg = Release|Any CPU
		{FEAD55F0-3042-477C-B57A-D64285652487}.Release|Any CPU.Build.0 = Release|Any CPU
		{FEAD55F0-3042-477C-B57A-D64285652487}.Release|x64.ActiveCfg = Release|Any CPU
		{FEAD55F0-3042-477C-B57A-D64285652487}.Release|x64.Build.0 = Release|Any CPU
		{FEAD55F0-3042-477C-B57A-D64285652487}.Release|x86.ActiveCfg = Release|Any CPU
		{FEAD55F0-3042-477C-B57A-D64285652487}.Release|x86.Build.0 = Release|Any CPU
		{7EE87F36-9C33-4A94-8636-4BAA5DBD0D6E}.Debug|Any CPU.ActiveCfg = Debug|Any CPU
		{7EE87F36-9C33-4A94-8636-4BAA5DBD0D6E}.Debug|Any CPU.Build.0 = Debug|Any CPU
		{7EE87F36-9C33-4A94-8636-4BAA5DBD0D6E}.Debug|x64.ActiveCfg = Debug|Any CPU
		{7EE87F36-9C33-4A94-8636-4BAA5DBD0D6E}.Debug|x64.Build.0 = Debug|Any CPU
		{7EE87F36-9C33-4A94-8636-4BAA5DBD0D6E}.Debug|x86.ActiveCfg = Debug|Any CPU
		{7EE87F36-9C33-4A94-8636-4BAA5DBD0D6E}.Debug|x86.Build.0 = Debug|Any CPU
		{7EE87F36-9C33-4A94-8636-4BAA5DBD0D6E}.Release|Any CPU.ActiveCfg = Release|Any CPU
		{7EE87F36-9C33-4A94-8636-4BAA5DBD0D6E}.Release|Any CPU.Build.0 = Release|Any CPU
		{7EE87F36-9C33-4A94-8636-4BAA5DBD0D6E}.Release|x64.ActiveCfg = Release|Any CPU
		{7EE87F36-9C33-4A94-8636-4BAA5DBD0D6E}.Release|x64.Build.0 = Release|Any CPU
		{7EE87F36-9C33-4A94-8636-4BAA5DBD0D6E}.Release|x86.ActiveCfg = Release|Any CPU
		{7EE87F36-9C33-4A94-8636-4BAA5DBD0D6E}.Release|x86.Build.0 = Release|Any CPU
		{AC764D17-E4F5-4A02-849C-7300DE0AC8DF}.Debug|Any CPU.ActiveCfg = Debug|Any CPU
		{AC764D17-E4F5-4A02-849C-7300DE0AC8DF}.Debug|Any CPU.Build.0 = Debug|Any CPU
		{AC764D17-E4F5-4A02-849C-7300DE0AC8DF}.Debug|x64.ActiveCfg = Debug|Any CPU
		{AC764D17-E4F5-4A02-849C-7300DE0AC8DF}.Debug|x64.Build.0 = Debug|Any CPU
		{AC764D17-E4F5-4A02-849C-7300DE0AC8DF}.Debug|x86.ActiveCfg = Debug|Any CPU
		{AC764D17-E4F5-4A02-849C-7300DE0AC8DF}.Debug|x86.Build.0 = Debug|Any CPU
		{AC764D17-E4F5-4A02-849C-7300DE0AC8DF}.Release|Any CPU.ActiveCfg = Release|Any CPU
		{AC764D17-E4F5-4A02-849C-7300DE0AC8DF}.Release|Any CPU.Build.0 = Release|Any CPU
		{AC764D17-E4F5-4A02-849C-7300DE0AC8DF}.Release|x64.ActiveCfg = Release|Any CPU
		{AC764D17-E4F5-4A02-849C-7300DE0AC8DF}.Release|x64.Build.0 = Release|Any CPU
		{AC764D17-E4F5-4A02-849C-7300DE0AC8DF}.Release|x86.ActiveCfg = Release|Any CPU
		{AC764D17-E4F5-4A02-849C-7300DE0AC8DF}.Release|x86.Build.0 = Release|Any CPU
		{8B99619E-9A5B-41EA-805D-CA7F68A3DEBE}.Debug|Any CPU.ActiveCfg = Debug|Any CPU
		{8B99619E-9A5B-41EA-805D-CA7F68A3DEBE}.Debug|Any CPU.Build.0 = Debug|Any CPU
		{8B99619E-9A5B-41EA-805D-CA7F68A3DEBE}.Debug|x64.ActiveCfg = Debug|Any CPU
		{8B99619E-9A5B-41EA-805D-CA7F68A3DEBE}.Debug|x64.Build.0 = Debug|Any CPU
		{8B99619E-9A5B-41EA-805D-CA7F68A3DEBE}.Debug|x86.ActiveCfg = Debug|Any CPU
		{8B99619E-9A5B-41EA-805D-CA7F68A3DEBE}.Debug|x86.Build.0 = Debug|Any CPU
		{8B99619E-9A5B-41EA-805D-CA7F68A3DEBE}.Release|Any CPU.ActiveCfg = Release|Any CPU
		{8B99619E-9A5B-41EA-805D-CA7F68A3DEBE}.Release|Any CPU.Build.0 = Release|Any CPU
		{8B99619E-9A5B-41EA-805D-CA7F68A3DEBE}.Release|x64.ActiveCfg = Release|Any CPU
		{8B99619E-9A5B-41EA-805D-CA7F68A3DEBE}.Release|x64.Build.0 = Release|Any CPU
		{8B99619E-9A5B-41EA-805D-CA7F68A3DEBE}.Release|x86.ActiveCfg = Release|Any CPU
		{8B99619E-9A5B-41EA-805D-CA7F68A3DEBE}.Release|x86.Build.0 = Release|Any CPU
		{797A152F-D8FC-4104-A833-D6AE666EEA90}.Debug|Any CPU.ActiveCfg = Debug|Any CPU
		{797A152F-D8FC-4104-A833-D6AE666EEA90}.Debug|Any CPU.Build.0 = Debug|Any CPU
		{797A152F-D8FC-4104-A833-D6AE666EEA90}.Debug|x64.ActiveCfg = Debug|Any CPU
		{797A152F-D8FC-4104-A833-D6AE666EEA90}.Debug|x64.Build.0 = Debug|Any CPU
		{797A152F-D8FC-4104-A833-D6AE666EEA90}.Debug|x86.ActiveCfg = Debug|Any CPU
		{797A152F-D8FC-4104-A833-D6AE666EEA90}.Debug|x86.Build.0 = Debug|Any CPU
		{797A152F-D8FC-4104-A833-D6AE666EEA90}.Release|Any CPU.ActiveCfg = Release|Any CPU
		{797A152F-D8FC-4104-A833-D6AE666EEA90}.Release|Any CPU.Build.0 = Release|Any CPU
		{797A152F-D8FC-4104-A833-D6AE666EEA90}.Release|x64.ActiveCfg = Release|Any CPU
		{797A152F-D8FC-4104-A833-D6AE666EEA90}.Release|x64.Build.0 = Release|Any CPU
		{797A152F-D8FC-4104-A833-D6AE666EEA90}.Release|x86.ActiveCfg = Release|Any CPU
		{797A152F-D8FC-4104-A833-D6AE666EEA90}.Release|x86.Build.0 = Release|Any CPU
		{CB61D1D6-CB84-43C9-98DF-2E555DE8421A}.Debug|Any CPU.ActiveCfg = Debug|Any CPU
		{CB61D1D6-CB84-43C9-98DF-2E555DE8421A}.Debug|Any CPU.Build.0 = Debug|Any CPU
		{CB61D1D6-CB84-43C9-98DF-2E555DE8421A}.Debug|x64.ActiveCfg = Debug|Any CPU
		{CB61D1D6-CB84-43C9-98DF-2E555DE8421A}.Debug|x64.Build.0 = Debug|Any CPU
		{CB61D1D6-CB84-43C9-98DF-2E555DE8421A}.Debug|x86.ActiveCfg = Debug|Any CPU
		{CB61D1D6-CB84-43C9-98DF-2E555DE8421A}.Debug|x86.Build.0 = Debug|Any CPU
		{CB61D1D6-CB84-43C9-98DF-2E555DE8421A}.Release|Any CPU.ActiveCfg = Release|Any CPU
		{CB61D1D6-CB84-43C9-98DF-2E555DE8421A}.Release|Any CPU.Build.0 = Release|Any CPU
		{CB61D1D6-CB84-43C9-98DF-2E555DE8421A}.Release|x64.ActiveCfg = Release|Any CPU
		{CB61D1D6-CB84-43C9-98DF-2E555DE8421A}.Release|x64.Build.0 = Release|Any CPU
		{CB61D1D6-CB84-43C9-98DF-2E555DE8421A}.Release|x86.ActiveCfg = Release|Any CPU
		{CB61D1D6-CB84-43C9-98DF-2E555DE8421A}.Release|x86.Build.0 = Release|Any CPU
		{3A4D7E9C-46F0-4027-AB4D-829280E3F6AF}.Debug|Any CPU.ActiveCfg = Debug|Any CPU
		{3A4D7E9C-46F0-4027-AB4D-829280E3F6AF}.Debug|Any CPU.Build.0 = Debug|Any CPU
		{3A4D7E9C-46F0-4027-AB4D-829280E3F6AF}.Debug|x64.ActiveCfg = Debug|Any CPU
		{3A4D7E9C-46F0-4027-AB4D-829280E3F6AF}.Debug|x64.Build.0 = Debug|Any CPU
		{3A4D7E9C-46F0-4027-AB4D-829280E3F6AF}.Debug|x86.ActiveCfg = Debug|Any CPU
		{3A4D7E9C-46F0-4027-AB4D-829280E3F6AF}.Debug|x86.Build.0 = Debug|Any CPU
		{3A4D7E9C-46F0-4027-AB4D-829280E3F6AF}.Release|Any CPU.ActiveCfg = Release|Any CPU
		{3A4D7E9C-46F0-4027-AB4D-829280E3F6AF}.Release|Any CPU.Build.0 = Release|Any CPU
		{3A4D7E9C-46F0-4027-AB4D-829280E3F6AF}.Release|x64.ActiveCfg = Release|Any CPU
		{3A4D7E9C-46F0-4027-AB4D-829280E3F6AF}.Release|x64.Build.0 = Release|Any CPU
		{3A4D7E9C-46F0-4027-AB4D-829280E3F6AF}.Release|x86.ActiveCfg = Release|Any CPU
		{3A4D7E9C-46F0-4027-AB4D-829280E3F6AF}.Release|x86.Build.0 = Release|Any CPU
		{0B658838-76AB-45B1-9B48-C2FAC6E8DDAF}.Debug|Any CPU.ActiveCfg = Debug|Any CPU
		{0B658838-76AB-45B1-9B48-C2FAC6E8DDAF}.Debug|Any CPU.Build.0 = Debug|Any CPU
		{0B658838-76AB-45B1-9B48-C2FAC6E8DDAF}.Debug|x64.ActiveCfg = Debug|Any CPU
		{0B658838-76AB-45B1-9B48-C2FAC6E8DDAF}.Debug|x64.Build.0 = Debug|Any CPU
		{0B658838-76AB-45B1-9B48-C2FAC6E8DDAF}.Debug|x86.ActiveCfg = Debug|Any CPU
		{0B658838-76AB-45B1-9B48-C2FAC6E8DDAF}.Debug|x86.Build.0 = Debug|Any CPU
		{0B658838-76AB-45B1-9B48-C2FAC6E8DDAF}.Release|Any CPU.ActiveCfg = Release|Any CPU
		{0B658838-76AB-45B1-9B48-C2FAC6E8DDAF}.Release|Any CPU.Build.0 = Release|Any CPU
		{0B658838-76AB-45B1-9B48-C2FAC6E8DDAF}.Release|x64.ActiveCfg = Release|Any CPU
		{0B658838-76AB-45B1-9B48-C2FAC6E8DDAF}.Release|x64.Build.0 = Release|Any CPU
		{0B658838-76AB-45B1-9B48-C2FAC6E8DDAF}.Release|x86.ActiveCfg = Release|Any CPU
		{0B658838-76AB-45B1-9B48-C2FAC6E8DDAF}.Release|x86.Build.0 = Release|Any CPU
	EndGlobalSection
	GlobalSection(SolutionProperties) = preSolution
		HideSolutionNode = FALSE
	EndGlobalSection
	GlobalSection(ExtensibilityGlobals) = postSolution
		SolutionGuid = {63A0A770-2AF5-45AB-8BF6-29847AAD7724}
	EndGlobalSection
EndGlobal
